
Microsoft Visual Studio Solution File, Format Version 12.00
# Visual Studio 15
VisualStudioVersion = 15.0.28307.572
MinimumVisualStudioVersion = 10.0.40219.1
Project("{FAE04EC0-301F-11D3-BF4B-00C04F79EFBC}") = "ReactionButtonsBot", "ReactionButtonsBot\ReactionButtonsBot.csproj", "{BDEF9721-B7C6-44B4-9A43-6F4E0539F1EB}"
EndProject
Project("{2150E333-8FDC-42A3-9474-1A3956D46DE8}") = "Solution Items", "Solution Items", "{3B067FF8-B5F6-423D-AB47-3D7B230B93A5}"
	ProjectSection(SolutionItems) = preProject
		.gitignore = .gitignore
	EndProjectSection
EndProject
Project("{FAE04EC0-301F-11D3-BF4B-00C04F79EFBC}") = "DatabaseTest", "DatabaseTest\DatabaseTest.csproj", "{BFD3D659-344C-4618-BD55-F7F50160E75D}"
EndProject
Global
	GlobalSection(SolutionConfigurationPlatforms) = preSolution
		Debug|Any CPU = Debug|Any CPU
		Release|Any CPU = Release|Any CPU
	EndGlobalSection
	GlobalSection(ProjectConfigurationPlatforms) = postSolution
		{BDEF9721-B7C6-44B4-9A43-6F4E0539F1EB}.Debug|Any CPU.ActiveCfg = Debug|Any CPU
		{BDEF9721-B7C6-44B4-9A43-6F4E0539F1EB}.Debug|Any CPU.Build.0 = Debug|Any CPU
		{BDEF9721-B7C6-44B4-9A43-6F4E0539F1EB}.Release|Any CPU.ActiveCfg = Release|Any CPU
		{BDEF9721-B7C6-44B4-9A43-6F4E0539F1EB}.Release|Any CPU.Build.0 = Release|Any CPU
		{BFD3D659-344C-4618-BD55-F7F50160E75D}.Debug|Any CPU.ActiveCfg = Debug|Any CPU
		{BFD3D659-344C-4618-BD55-F7F50160E75D}.Debug|Any CPU.Build.0 = Debug|Any CPU
		{BFD3D659-344C-4618-BD55-F7F50160E75D}.Release|Any CPU.ActiveCfg = Release|Any CPU
		{BFD3D659-344C-4618-BD55-F7F50160E75D}.Release|Any CPU.Build.0 = Release|Any CPU
	EndGlobalSection
	GlobalSection(SolutionProperties) = preSolution
		HideSolutionNode = FALSE
	EndGlobalSection
	GlobalSection(ExtensibilityGlobals) = postSolution
		SolutionGuid = {56ED8FD2-DEA1-458C-B5B7-17B74C69C43F}
	EndGlobalSection
EndGlobal
